
Microsoft Visual Studio Solution File, Format Version 12.00
# Visual Studio Version 17
VisualStudioVersion = 17.8.34330.188
MinimumVisualStudioVersion = 10.0.40219.1
Project("{FAE04EC0-301F-11D3-BF4B-00C04F79EFBC}") = "Clase1", "Clase1\Clase1.csproj", "{083B7FBC-85AC-40AC-A325-D2A2AE667D6B}"
EndProject
Global
	GlobalSection(SolutionConfigurationPlatforms) = preSolution
		Debug|Any CPU = Debug|Any CPU
		Release|Any CPU = Release|Any CPU
	EndGlobalSection
	GlobalSection(ProjectConfigurationPlatforms) = postSolution
		{083B7FBC-85AC-40AC-A325-D2A2AE667D6B}.Debug|Any CPU.ActiveCfg = Debug|Any CPU
		{083B7FBC-85AC-40AC-A325-D2A2AE667D6B}.Debug|Any CPU.Build.0 = Debug|Any CPU
		{083B7FBC-85AC-40AC-A325-D2A2AE667D6B}.Release|Any CPU.ActiveCfg = Release|Any CPU
		{083B7FBC-85AC-40AC-A325-D2A2AE667D6B}.Release|Any CPU.Build.0 = Release|Any CPU
	EndGlobalSection
	GlobalSection(SolutionProperties) = preSolution
		HideSolutionNode = FALSE
	EndGlobalSection
	GlobalSection(ExtensibilityGlobals) = postSolution
		SolutionGuid = {F208F596-4A40-40DD-B3A1-D804475B9A13}
	EndGlobalSection
EndGlobal
