
Microsoft Visual Studio Solution File, Format Version 12.00
# Visual Studio Version 17
VisualStudioVersion = 17.13.35825.156 d17.13
MinimumVisualStudioVersion = 10.0.40219.1
Project("{FAE04EC0-301F-11D3-BF4B-00C04F79EFBC}") = "Practico3", "Practico3\Practico3.csproj", "{DE4C1DAA-D5A8-4490-864A-9B906D091BBB}"
EndProject
Global
	GlobalSection(SolutionConfigurationPlatforms) = preSolution
		Debug|Any CPU = Debug|Any CPU
		Release|Any CPU = Release|Any CPU
	EndGlobalSection
	GlobalSection(ProjectConfigurationPlatforms) = postSolution
		{DE4C1DAA-D5A8-4490-864A-9B906D091BBB}.Debug|Any CPU.ActiveCfg = Debug|Any CPU
		{DE4C1DAA-D5A8-4490-864A-9B906D091BBB}.Debug|Any CPU.Build.0 = Debug|Any CPU
		{DE4C1DAA-D5A8-4490-864A-9B906D091BBB}.Release|Any CPU.ActiveCfg = Release|Any CPU
		{DE4C1DAA-D5A8-4490-864A-9B906D091BBB}.Release|Any CPU.Build.0 = Release|Any CPU
	EndGlobalSection
	GlobalSection(SolutionProperties) = preSolution
		HideSolutionNode = FALSE
	EndGlobalSection
	GlobalSection(ExtensibilityGlobals) = postSolution
		SolutionGuid = {50C93359-0F17-46DD-AB66-E76AE0425693}
	EndGlobalSection
EndGlobal
